// !$*UTF8*$!
{
	archiveVersion = 1;
	classes = {
	};
	objectVersion = 55;
	objects = {

/* Begin PBXBuildFile section */
		BE54FDE727A2EAFE00643281 /* SwiftyCompanionApp.swift in Sources */ = {isa = PBXBuildFile; fileRef = BE54FDE627A2EAFE00643281 /* SwiftyCompanionApp.swift */; };
		BE54FDEB27A2EB0000643281 /* Assets.xcassets in Resources */ = {isa = PBXBuildFile; fileRef = BE54FDEA27A2EB0000643281 /* Assets.xcassets */; };
		BE54FDEE27A2EB0000643281 /* Preview Assets.xcassets in Resources */ = {isa = PBXBuildFile; fileRef = BE54FDED27A2EB0000643281 /* Preview Assets.xcassets */; };
		BE54FDF527A2EB3300643281 /* LoginView.swift in Sources */ = {isa = PBXBuildFile; fileRef = BE54FDF427A2EB3300643281 /* LoginView.swift */; };
		BE54FDF727A2EB4700643281 /* ProjectsView.swift in Sources */ = {isa = PBXBuildFile; fileRef = BE54FDF627A2EB4700643281 /* ProjectsView.swift */; };
		BE54FDF927A2EB4D00643281 /* Custom.swift in Sources */ = {isa = PBXBuildFile; fileRef = BE54FDF827A2EB4D00643281 /* Custom.swift */; };
		BE54FDFB27A2EB5200643281 /* TokenAuthorization.swift in Sources */ = {isa = PBXBuildFile; fileRef = BE54FDFA27A2EB5200643281 /* TokenAuthorization.swift */; };
		BE54FDFD27A2EB5800643281 /* InfoView.swift in Sources */ = {isa = PBXBuildFile; fileRef = BE54FDFC27A2EB5800643281 /* InfoView.swift */; };
		BE54FE0327A2EB5E00643281 /* User.swift in Sources */ = {isa = PBXBuildFile; fileRef = BE54FE0027A2EB5E00643281 /* User.swift */; };
		BE54FE0427A2EB5E00643281 /* tfarenga.json in Resources */ = {isa = PBXBuildFile; fileRef = BE54FE0127A2EB5E00643281 /* tfarenga.json */; };
		BE54FE0827A4161600643281 /* user.jpg in Resources */ = {isa = PBXBuildFile; fileRef = BE54FE0727A4161600643281 /* user.jpg */; };
		BE54FE0A27A4260800643281 /* hemelia.json in Resources */ = {isa = PBXBuildFile; fileRef = BE54FE0927A4260800643281 /* hemelia.json */; };
/* End PBXBuildFile section */

/* Begin PBXFileReference section */
		BE54FDE327A2EAFE00643281 /* SwiftyCompanion.app */ = {isa = PBXFileReference; explicitFileType = wrapper.application; includeInIndex = 0; path = SwiftyCompanion.app; sourceTree = BUILT_PRODUCTS_DIR; };
		BE54FDE627A2EAFE00643281 /* SwiftyCompanionApp.swift */ = {isa = PBXFileReference; lastKnownFileType = sourcecode.swift; path = SwiftyCompanionApp.swift; sourceTree = "<group>"; };
		BE54FDEA27A2EB0000643281 /* Assets.xcassets */ = {isa = PBXFileReference; lastKnownFileType = folder.assetcatalog; path = Assets.xcassets; sourceTree = "<group>"; };
		BE54FDED27A2EB0000643281 /* Preview Assets.xcassets */ = {isa = PBXFileReference; lastKnownFileType = folder.assetcatalog; path = "Preview Assets.xcassets"; sourceTree = "<group>"; };
		BE54FDF427A2EB3300643281 /* LoginView.swift */ = {isa = PBXFileReference; fileEncoding = 4; lastKnownFileType = sourcecode.swift; path = LoginView.swift; sourceTree = "<group>"; };
		BE54FDF627A2EB4700643281 /* ProjectsView.swift */ = {isa = PBXFileReference; fileEncoding = 4; lastKnownFileType = sourcecode.swift; path = ProjectsView.swift; sourceTree = "<group>"; };
		BE54FDF827A2EB4D00643281 /* Custom.swift */ = {isa = PBXFileReference; fileEncoding = 4; lastKnownFileType = sourcecode.swift; path = Custom.swift; sourceTree = "<group>"; };
		BE54FDFA27A2EB5200643281 /* TokenAuthorization.swift */ = {isa = PBXFileReference; fileEncoding = 4; lastKnownFileType = sourcecode.swift; path = TokenAuthorization.swift; sourceTree = "<group>"; };
		BE54FDFC27A2EB5800643281 /* InfoView.swift */ = {isa = PBXFileReference; fileEncoding = 4; lastKnownFileType = sourcecode.swift; path = InfoView.swift; sourceTree = "<group>"; };
		BE54FE0027A2EB5E00643281 /* User.swift */ = {isa = PBXFileReference; fileEncoding = 4; lastKnownFileType = sourcecode.swift; path = User.swift; sourceTree = "<group>"; };
		BE54FE0127A2EB5E00643281 /* tfarenga.json */ = {isa = PBXFileReference; fileEncoding = 4; lastKnownFileType = text.json; path = tfarenga.json; sourceTree = "<group>"; };
		BE54FE0727A4161600643281 /* user.jpg */ = {isa = PBXFileReference; lastKnownFileType = image.jpeg; path = user.jpg; sourceTree = "<group>"; };
		BE54FE0927A4260800643281 /* hemelia.json */ = {isa = PBXFileReference; fileEncoding = 4; lastKnownFileType = text.json; path = hemelia.json; sourceTree = "<group>"; };
/* End PBXFileReference section */

/* Begin PBXFrameworksBuildPhase section */
		BE54FDE027A2EAFE00643281 /* Frameworks */ = {
			isa = PBXFrameworksBuildPhase;
			buildActionMask = 2147483647;
			files = (
			);
			runOnlyForDeploymentPostprocessing = 0;
		};
/* End PBXFrameworksBuildPhase section */

/* Begin PBXGroup section */
		BE54FDDA27A2EAFE00643281 = {
			isa = PBXGroup;
			children = (
				BE54FDE527A2EAFE00643281 /* SwiftyCompanion */,
				BE54FDE427A2EAFE00643281 /* Products */,
			);
			sourceTree = "<group>";
		};
		BE54FDE427A2EAFE00643281 /* Products */ = {
			isa = PBXGroup;
			children = (
				BE54FDE327A2EAFE00643281 /* SwiftyCompanion.app */,
			);
			name = Products;
			sourceTree = "<group>";
		};
		BE54FDE527A2EAFE00643281 /* SwiftyCompanion */ = {
			isa = PBXGroup;
			children = (
				BE54FDE627A2EAFE00643281 /* SwiftyCompanionApp.swift */,
				BE54FDF627A2EB4700643281 /* ProjectsView.swift */,
				BE54FDF427A2EB3300643281 /* LoginView.swift */,
				BE54FDFA27A2EB5200643281 /* TokenAuthorization.swift */,
				BE54FDFC27A2EB5800643281 /* InfoView.swift */,
				BE54FDF827A2EB4D00643281 /* Custom.swift */,
				BE54FDFE27A2EB5E00643281 /* Models */,
				BE54FDEA27A2EB0000643281 /* Assets.xcassets */,
				BE54FDEC27A2EB0000643281 /* Preview Content */,
			);
			path = SwiftyCompanion;
			sourceTree = "<group>";
		};
		BE54FDEC27A2EB0000643281 /* Preview Content */ = {
			isa = PBXGroup;
			children = (
				BE54FDED27A2EB0000643281 /* Preview Assets.xcassets */,
			);
			path = "Preview Content";
			sourceTree = "<group>";
		};
		BE54FDFE27A2EB5E00643281 /* Models */ = {
			isa = PBXGroup;
			children = (
				BE54FE0027A2EB5E00643281 /* User.swift */,
				BE54FE0727A4161600643281 /* user.jpg */,
				BE54FE0927A4260800643281 /* hemelia.json */,
				BE54FE0127A2EB5E00643281 /* tfarenga.json */,
			);
			path = Models;
			sourceTree = "<group>";
		};
/* End PBXGroup section */

/* Begin PBXNativeTarget section */
		BE54FDE227A2EAFE00643281 /* SwiftyCompanion */ = {
			isa = PBXNativeTarget;
			buildConfigurationList = BE54FDF127A2EB0000643281 /* Build configuration list for PBXNativeTarget "SwiftyCompanion" */;
			buildPhases = (
				BE54FDDF27A2EAFE00643281 /* Sources */,
				BE54FDE027A2EAFE00643281 /* Frameworks */,
				BE54FDE127A2EAFE00643281 /* Resources */,
			);
			buildRules = (
			);
			dependencies = (
			);
			name = SwiftyCompanion;
			productName = SwiftyCompanion;
			productReference = BE54FDE327A2EAFE00643281 /* SwiftyCompanion.app */;
			productType = "com.apple.product-type.application";
		};
/* End PBXNativeTarget section */

/* Begin PBXProject section */
		BE54FDDB27A2EAFE00643281 /* Project object */ = {
			isa = PBXProject;
			attributes = {
				BuildIndependentTargetsInParallel = 1;
				LastSwiftUpdateCheck = 1310;
				LastUpgradeCheck = 1310;
				TargetAttributes = {
					BE54FDE227A2EAFE00643281 = {
						CreatedOnToolsVersion = 13.1;
					};
				};
			};
			buildConfigurationList = BE54FDDE27A2EAFE00643281 /* Build configuration list for PBXProject "SwiftyCompanion" */;
			compatibilityVersion = "Xcode 13.0";
			developmentRegion = en;
			hasScannedForEncodings = 0;
			knownRegions = (
				en,
				Base,
			);
			mainGroup = BE54FDDA27A2EAFE00643281;
			productRefGroup = BE54FDE427A2EAFE00643281 /* Products */;
			projectDirPath = "";
			projectRoot = "";
			targets = (
				BE54FDE227A2EAFE00643281 /* SwiftyCompanion */,
			);
		};
/* End PBXProject section */

/* Begin PBXResourcesBuildPhase section */
		BE54FDE127A2EAFE00643281 /* Resources */ = {
			isa = PBXResourcesBuildPhase;
			buildActionMask = 2147483647;
			files = (
				BE54FDEE27A2EB0000643281 /* Preview Assets.xcassets in Resources */,
				BE54FE0427A2EB5E00643281 /* tfarenga.json in Resources */,
				BE54FDEB27A2EB0000643281 /* Assets.xcassets in Resources */,
				BE54FE0A27A4260800643281 /* hemelia.json in Resources */,
				BE54FE0827A4161600643281 /* user.jpg in Resources */,
			);
			runOnlyForDeploymentPostprocessing = 0;
		};
/* End PBXResourcesBuildPhase section */

/* Begin PBXSourcesBuildPhase section */
		BE54FDDF27A2EAFE00643281 /* Sources */ = {
			isa = PBXSourcesBuildPhase;
			buildActionMask = 2147483647;
			files = (
				BE54FDF527A2EB3300643281 /* LoginView.swift in Sources */,
				BE54FDF727A2EB4700643281 /* ProjectsView.swift in Sources */,
				BE54FDFB27A2EB5200643281 /* TokenAuthorization.swift in Sources */,
				BE54FE0327A2EB5E00643281 /* User.swift in Sources */,
				BE54FDE727A2EAFE00643281 /* SwiftyCompanionApp.swift in Sources */,
				BE54FDF927A2EB4D00643281 /* Custom.swift in Sources */,
				BE54FDFD27A2EB5800643281 /* InfoView.swift in Sources */,
			);
			runOnlyForDeploymentPostprocessing = 0;
		};
/* End PBXSourcesBuildPhase section */

/* Begin XCBuildConfiguration section */
		BE54FDEF27A2EB0000643281 /* Debug */ = {
			isa = XCBuildConfiguration;
			buildSettings = {
				ALWAYS_SEARCH_USER_PATHS = NO;
				CLANG_ANALYZER_NONNULL = YES;
				CLANG_ANALYZER_NUMBER_OBJECT_CONVERSION = YES_AGGRESSIVE;
				CLANG_CXX_LANGUAGE_STANDARD = "gnu++17";
				CLANG_CXX_LIBRARY = "libc++";
				CLANG_ENABLE_MODULES = YES;
				CLANG_ENABLE_OBJC_ARC = YES;
				CLANG_ENABLE_OBJC_WEAK = YES;
				CLANG_WARN_BLOCK_CAPTURE_AUTORELEASING = YES;
				CLANG_WARN_BOOL_CONVERSION = YES;
				CLANG_WARN_COMMA = YES;
				CLANG_WARN_CONSTANT_CONVERSION = YES;
				CLANG_WARN_DEPRECATED_OBJC_IMPLEMENTATIONS = YES;
				CLANG_WARN_DIRECT_OBJC_ISA_USAGE = YES_ERROR;
				CLANG_WARN_DOCUMENTATION_COMMENTS = YES;
				CLANG_WARN_EMPTY_BODY = YES;
				CLANG_WARN_ENUM_CONVERSION = YES;
				CLANG_WARN_INFINITE_RECURSION = YES;
				CLANG_WARN_INT_CONVERSION = YES;
				CLANG_WARN_NON_LITERAL_NULL_CONVERSION = YES;
				CLANG_WARN_OBJC_IMPLICIT_RETAIN_SELF = YES;
				CLANG_WARN_OBJC_LITERAL_CONVERSION = YES;
				CLANG_WARN_OBJC_ROOT_CLASS = YES_ERROR;
				CLANG_WARN_QUOTED_INCLUDE_IN_FRAMEWORK_HEADER = YES;
				CLANG_WARN_RANGE_LOOP_ANALYSIS = YES;
				CLANG_WARN_STRICT_PROTOTYPES = YES;
				CLANG_WARN_SUSPICIOUS_MOVE = YES;
				CLANG_WARN_UNGUARDED_AVAILABILITY = YES_AGGRESSIVE;
				CLANG_WARN_UNREACHABLE_CODE = YES;
				CLANG_WARN__DUPLICATE_METHOD_MATCH = YES;
				COPY_PHASE_STRIP = NO;
				DEBUG_INFORMATION_FORMAT = dwarf;
				ENABLE_STRICT_OBJC_MSGSEND = YES;
				ENABLE_TESTABILITY = YES;
				GCC_C_LANGUAGE_STANDARD = gnu11;
				GCC_DYNAMIC_NO_PIC = NO;
				GCC_NO_COMMON_BLOCKS = YES;
				GCC_OPTIMIZATION_LEVEL = 0;
				GCC_PREPROCESSOR_DEFINITIONS = (
					"DEBUG=1",
					"$(inherited)",
				);
				GCC_WARN_64_TO_32_BIT_CONVERSION = YES;
				GCC_WARN_ABOUT_RETURN_TYPE = YES_ERROR;
				GCC_WARN_UNDECLARED_SELECTOR = YES;
				GCC_WARN_UNINITIALIZED_AUTOS = YES_AGGRESSIVE;
				GCC_WARN_UNUSED_FUNCTION = YES;
				GCC_WARN_UNUSED_VARIABLE = YES;
				IPHONEOS_DEPLOYMENT_TARGET = 15.0;
				MTL_ENABLE_DEBUG_INFO = INCLUDE_SOURCE;
				MTL_FAST_MATH = YES;
				ONLY_ACTIVE_ARCH = YES;
				SDKROOT = iphoneos;
				SWIFT_ACTIVE_COMPILATION_CONDITIONS = DEBUG;
				SWIFT_OPTIMIZATION_LEVEL = "-Onone";
			};
			name = Debug;
		};
		BE54FDF027A2EB0000643281 /* Release */ = {
			isa = XCBuildConfiguration;
			buildSettings = {
				ALWAYS_SEARCH_USER_PATHS = NO;
				CLANG_ANALYZER_NONNULL = YES;
				CLANG_ANALYZER_NUMBER_OBJECT_CONVERSION = YES_AGGRESSIVE;
				CLANG_CXX_LANGUAGE_STANDARD = "gnu++17";
				CLANG_CXX_LIBRARY = "libc++";
				CLANG_ENABLE_MODULES = YES;
				CLANG_ENABLE_OBJC_ARC = YES;
				CLANG_ENABLE_OBJC_WEAK = YES;
				CLANG_WARN_BLOCK_CAPTURE_AUTORELEASING = YES;
				CLANG_WARN_BOOL_CONVERSION = YES;
				CLANG_WARN_COMMA = YES;
				CLANG_WARN_CONSTANT_CONVERSION = YES;
				CLANG_WARN_DEPRECATED_OBJC_IMPLEMENTATIONS = YES;
				CLANG_WARN_DIRECT_OBJC_ISA_USAGE = YES_ERROR;
				CLANG_WARN_DOCUMENTATION_COMMENTS = YES;
				CLANG_WARN_EMPTY_BODY = YES;
				CLANG_WARN_ENUM_CONVERSION = YES;
				CLANG_WARN_INFINITE_RECURSION = YES;
				CLANG_WARN_INT_CONVERSION = YES;
				CLANG_WARN_NON_LITERAL_NULL_CONVERSION = YES;
				CLANG_WARN_OBJC_IMPLICIT_RETAIN_SELF = YES;
				CLANG_WARN_OBJC_LITERAL_CONVERSION = YES;
				CLANG_WARN_OBJC_ROOT_CLASS = YES_ERROR;
				CLANG_WARN_QUOTED_INCLUDE_IN_FRAMEWORK_HEADER = YES;
				CLANG_WARN_RANGE_LOOP_ANALYSIS = YES;
				CLANG_WARN_STRICT_PROTOTYPES = YES;
				CLANG_WARN_SUSPICIOUS_MOVE = YES;
				CLANG_WARN_UNGUARDED_AVAILABILITY = YES_AGGRESSIVE;
				CLANG_WARN_UNREACHABLE_CODE = YES;
				CLANG_WARN__DUPLICATE_METHOD_MATCH = YES;
				COPY_PHASE_STRIP = NO;
				DEBUG_INFORMATION_FORMAT = "dwarf-with-dsym";
				ENABLE_NS_ASSERTIONS = NO;
				ENABLE_STRICT_OBJC_MSGSEND = YES;
				GCC_C_LANGUAGE_STANDARD = gnu11;
				GCC_NO_COMMON_BLOCKS = YES;
				GCC_WARN_64_TO_32_BIT_CONVERSION = YES;
				GCC_WARN_ABOUT_RETURN_TYPE = YES_ERROR;
				GCC_WARN_UNDECLARED_SELECTOR = YES;
				GCC_WARN_UNINITIALIZED_AUTOS = YES_AGGRESSIVE;
				GCC_WARN_UNUSED_FUNCTION = YES;
				GCC_WARN_UNUSED_VARIABLE = YES;
				IPHONEOS_DEPLOYMENT_TARGET = 15.0;
				MTL_ENABLE_DEBUG_INFO = NO;
				MTL_FAST_MATH = YES;
				SDKROOT = iphoneos;
				SWIFT_COMPILATION_MODE = wholemodule;
				SWIFT_OPTIMIZATION_LEVEL = "-O";
				VALIDATE_PRODUCT = YES;
			};
			name = Release;
		};
		BE54FDF227A2EB0000643281 /* Debug */ = {
			isa = XCBuildConfiguration;
			buildSettings = {
				ASSETCATALOG_COMPILER_APPICON_NAME = AppIcon;
				ASSETCATALOG_COMPILER_GLOBAL_ACCENT_COLOR_NAME = AccentColor;
				CODE_SIGN_STYLE = Automatic;
				CURRENT_PROJECT_VERSION = 1;
				DEVELOPMENT_ASSET_PATHS = "\"SwiftyCompanion/Preview Content\"";
				DEVELOPMENT_TEAM = VP9N6X2688;
				ENABLE_PREVIEWS = YES;
				GENERATE_INFOPLIST_FILE = YES;
				INFOPLIST_KEY_UIApplicationSceneManifest_Generation = YES;
				INFOPLIST_KEY_UIApplicationSupportsIndirectInputEvents = YES;
				INFOPLIST_KEY_UILaunchScreen_Generation = YES;
				INFOPLIST_KEY_UISupportedInterfaceOrientations_iPad = "UIInterfaceOrientationPortrait UIInterfaceOrientationPortraitUpsideDown UIInterfaceOrientationLandscapeLeft UIInterfaceOrientationLandscapeRight";
				INFOPLIST_KEY_UISupportedInterfaceOrientations_iPhone = "UIInterfaceOrientationPortrait UIInterfaceOrientationLandscapeLeft UIInterfaceOrientationLandscapeRight";
				LD_RUNPATH_SEARCH_PATHS = (
					"$(inherited)",
					"@executable_path/Frameworks",
				);
				MARKETING_VERSION = 1.0;
				PRODUCT_BUNDLE_IDENTIFIER = VictoriyaVorobeva.SwiftyCompanion;
				PRODUCT_NAME = "$(TARGET_NAME)";
				SWIFT_EMIT_LOC_STRINGS = YES;
				SWIFT_VERSION = 5.0;
				TARGETED_DEVICE_FAMILY = "1,2";
			};
			name = Debug;
		};
		BE54FDF327A2EB0000643281 /* Release */ = {
			isa = XCBuildConfiguration;
			buildSettings = {
				ASSETCATALOG_COMPILER_APPICON_NAME = AppIcon;
				ASSETCATALOG_COMPILER_GLOBAL_ACCENT_COLOR_NAME = AccentColor;
				CODE_SIGN_STYLE = Automatic;
				CURRENT_PROJECT_VERSION = 1;
				DEVELOPMENT_ASSET_PATHS = "\"SwiftyCompanion/Preview Content\"";
				DEVELOPMENT_TEAM = VP9N6X2688;
				ENABLE_PREVIEWS = YES;
				GENERATE_INFOPLIST_FILE = YES;
				INFOPLIST_KEY_UIApplicationSceneManifest_Generation = YES;
				INFOPLIST_KEY_UIApplicationSupportsIndirectInputEvents = YES;
				INFOPLIST_KEY_UILaunchScreen_Generation = YES;
				INFOPLIST_KEY_UISupportedInterfaceOrientations_iPad = "UIInterfaceOrientationPortrait UIInterfaceOrientationPortraitUpsideDown UIInterfaceOrientationLandscapeLeft UIInterfaceOrientationLandscapeRight";
				INFOPLIST_KEY_UISupportedInterfaceOrientations_iPhone = "UIInterfaceOrientationPortrait UIInterfaceOrientationLandscapeLeft UIInterfaceOrientationLandscapeRight";
				LD_RUNPATH_SEARCH_PATHS = (
					"$(inherited)",
					"@executable_path/Frameworks",
				);
				MARKETING_VERSION = 1.0;
				PRODUCT_BUNDLE_IDENTIFIER = VictoriyaVorobeva.SwiftyCompanion;
				PRODUCT_NAME = "$(TARGET_NAME)";
				SWIFT_EMIT_LOC_STRINGS = YES;
				SWIFT_VERSION = 5.0;
				TARGETED_DEVICE_FAMILY = "1,2";
			};
			name = Release;
		};
/* End XCBuildConfiguration section */

/* Begin XCConfigurationList section */
		BE54FDDE27A2EAFE00643281 /* Build configuration list for PBXProject "SwiftyCompanion" */ = {
			isa = XCConfigurationList;
			buildConfigurations = (
				BE54FDEF27A2EB0000643281 /* Debug */,
				BE54FDF027A2EB0000643281 /* Release */,
			);
			defaultConfigurationIsVisible = 0;
			defaultConfigurationName = Release;
		};
		BE54FDF127A2EB0000643281 /* Build configuration list for PBXNativeTarget "SwiftyCompanion" */ = {
			isa = XCConfigurationList;
			buildConfigurations = (
				BE54FDF227A2EB0000643281 /* Debug */,
				BE54FDF327A2EB0000643281 /* Release */,
			);
			defaultConfigurationIsVisible = 0;
			defaultConfigurationName = Release;
		};
/* End XCConfigurationList section */
	};
	rootObject = BE54FDDB27A2EAFE00643281 /* Project object */;
}
